
Microsoft Visual Studio Solution File, Format Version 12.00
# Visual Studio Version 17
VisualStudioVersion = 17.10.34916.146
MinimumVisualStudioVersion = 10.0.40219.1
Project("{9A19103F-16F7-4668-BE54-9A1E7A4F7556}") = "NewTalents", "NewTalents\NewTalents.csproj", "{425B3D2A-87ED-4389-8719-78DCF5E6939C}"
EndProject
Project("{FAE04EC0-301F-11D3-BF4B-00C04F79EFBC}") = "TestNewTalents", "TestNewTalents\TestNewTalents.csproj", "{D7ACE8FC-D434-48C9-96CB-EC6D399EC241}"
EndProject
Global
	GlobalSection(SolutionConfigurationPlatforms) = preSolution
		Debug|Any CPU = Debug|Any CPU
		Release|Any CPU = Release|Any CPU
	EndGlobalSection
	GlobalSection(ProjectConfigurationPlatforms) = postSolution
		{425B3D2A-87ED-4389-8719-78DCF5E6939C}.Debug|Any CPU.ActiveCfg = Debug|Any CPU
		{425B3D2A-87ED-4389-8719-78DCF5E6939C}.Debug|Any CPU.Build.0 = Debug|Any CPU
		{425B3D2A-87ED-4389-8719-78DCF5E6939C}.Release|Any CPU.ActiveCfg = Release|Any CPU
		{425B3D2A-87ED-4389-8719-78DCF5E6939C}.Release|Any CPU.Build.0 = Release|Any CPU
		{D7ACE8FC-D434-48C9-96CB-EC6D399EC241}.Debug|Any CPU.ActiveCfg = Debug|Any CPU
		{D7ACE8FC-D434-48C9-96CB-EC6D399EC241}.Debug|Any CPU.Build.0 = Debug|Any CPU
		{D7ACE8FC-D434-48C9-96CB-EC6D399EC241}.Release|Any CPU.ActiveCfg = Release|Any CPU
		{D7ACE8FC-D434-48C9-96CB-EC6D399EC241}.Release|Any CPU.Build.0 = Release|Any CPU
	EndGlobalSection
	GlobalSection(SolutionProperties) = preSolution
		HideSolutionNode = FALSE
	EndGlobalSection
	GlobalSection(ExtensibilityGlobals) = postSolution
		SolutionGuid = {73C5DAB2-3911-46B9-8C1E-CEC46860ABBE}
	EndGlobalSection
EndGlobal
